<?xml version="1.0" encoding="utf-8"?>
<Project ToolsVersion="4.0" xmlns="http://schemas.microsoft.com/developer/msbuild/2003">
  <ItemGroup>
    <ClCompile Include="camera.cpp" />
    <ClCompile Include="d3dwrap.cpp" />
    <ClCompile Include="input.cpp" />
    <ClCompile Include="main.cpp" />
    <ClCompile Include="imgui\imgui.cpp">
      <Filter>imgui</Filter>
    </ClCompile>
    <ClCompile Include="imgui\imgui_draw.cpp">
      <Filter>imgui</Filter>
    </ClCompile>
    <ClCompile Include="imgui\imgui_impl_dx9.cpp">
      <Filter>imgui</Filter>
    </ClCompile>
    <ClCompile Include="imgui\imgui_impl_win32.cpp">
      <Filter>imgui</Filter>
    </ClCompile>
    <ClCompile Include="imgui\imgui_widgets.cpp">
      <Filter>imgui</Filter>
    </ClCompile>
    <ClCompile Include="post.cpp" />
    <ClCompile Include="wavefront.cpp" />
    <ClCompile Include="butterfly.cpp">
      <Filter>objects</Filter>
    </ClCompile>
    <ClCompile Include="fish.cpp">
      <Filter>objects</Filter>
    </ClCompile>
    <ClCompile Include="grass.cpp">
      <Filter>objects</Filter>
    </ClCompile>
    <ClCompile Include="rock.cpp">
      <Filter>objects</Filter>
    </ClCompile>
    <ClCompile Include="statue.cpp">
      <Filter>objects</Filter>
    </ClCompile>
    <ClCompile Include="tree.cpp">
      <Filter>objects</Filter>
    </ClCompile>
    <ClCompile Include="scape.cpp">
      <Filter>objects</Filter>
    </ClCompile>
    <ClCompile Include="sea.cpp">
      <Filter>objects</Filter>
    </ClCompile>
    <ClCompile Include="skybox.cpp">
      <Filter>objects</Filter>
    </ClCompile>
    <ClCompile Include="imgui\imgui_tables.cpp">
      <Filter>imgui</Filter>
    </ClCompile>
  </ItemGroup>
  <ItemGroup>
    <ClInclude Include="array.h" />
    <ClInclude Include="camera.h" />
    <ClInclude Include="d3dwrap.h" />
    <ClInclude Include="input.h" />
    <ClInclude Include="imgui\imconfig.h">
      <Filter>imgui</Filter>
    </ClInclude>
    <ClInclude Include="imgui\imgui.h">
      <Filter>imgui</Filter>
    </ClInclude>
    <ClInclude Include="imgui\imgui_impl_dx9.h">
      <Filter>imgui</Filter>
    </ClInclude>
    <ClInclude Include="imgui\imgui_impl_win32.h">
      <Filter>imgui</Filter>
    </ClInclude>
    <ClInclude Include="imgui\imgui_internal.h">
      <Filter>imgui</Filter>
    </ClInclude>
    <ClInclude Include="imgui\imstb_rectpack.h">
      <Filter>imgui</Filter>
    </ClInclude>
    <ClInclude Include="imgui\imstb_textedit.h">
      <Filter>imgui</Filter>
    </ClInclude>
    <ClInclude Include="imgui\imstb_truetype.h">
      <Filter>imgui</Filter>
    </ClInclude>
    <ClInclude Include="post.h" />
    <ClInclude Include="random.h" />
    <ClInclude Include="wavefront.h" />
    <ClInclude Include="constants.h" />
    <ClInclude Include="butterfly.h">
      <Filter>objects</Filter>
    </ClInclude>
    <ClInclude Include="fish.h">
      <Filter>objects</Filter>
    </ClInclude>
    <ClInclude Include="grass.h">
      <Filter>objects</Filter>
    </ClInclude>
    <ClInclude Include="rock.h">
      <Filter>objects</Filter>
    </ClInclude>
    <ClInclude Include="statue.h">
      <Filter>objects</Filter>
    </ClInclude>
    <ClInclude Include="tree.h">
      <Filter>objects</Filter>
    </ClInclude>
    <ClInclude Include="scape.h">
      <Filter>objects</Filter>
    </ClInclude>
    <ClInclude Include="sea.h">
      <Filter>objects</Filter>
    </ClInclude>
    <ClInclude Include="skybox.h">
      <Filter>objects</Filter>
    </ClInclude>
    <ClInclude Include="fast_float\ascii_number.h">
      <Filter>fast_float</Filter>
    </ClInclude>
    <ClInclude Include="fast_float\bigint.h">
      <Filter>fast_float</Filter>
    </ClInclude>
    <ClInclude Include="fast_float\decimal_to_binary.h">
      <Filter>fast_float</Filter>
    </ClInclude>
    <ClInclude Include="fast_float\digit_comparison.h">
      <Filter>fast_float</Filter>
    </ClInclude>
    <ClInclude Include="fast_float\fast_float.h">
      <Filter>fast_float</Filter>
    </ClInclude>
    <ClInclude Include="fast_float\fast_table.h">
      <Filter>fast_float</Filter>
    </ClInclude>
    <ClInclude Include="fast_float\float_common.h">
      <Filter>fast_float</Filter>
    </ClInclude>
    <ClInclude Include="fast_float\parse_number.h">
      <Filter>fast_float</Filter>
    </ClInclude>
    <ClInclude Include="fast_float\simple_decimal_conversion.h">
      <Filter>fast_float</Filter>
    </ClInclude>
    <ClInclude Include="minijson\minijson_reader.hpp">
      <Filter>minijson</Filter>
    </ClInclude>
  </ItemGroup>
  <ItemGroup>
    <None Include="cpp.hint" />
    <None Include="post.fx" />
    <None Include="butterfly.fx">
      <Filter>objects</Filter>
    </None>
    <None Include="fish.fx">
      <Filter>objects</Filter>
    </None>
    <None Include="grass.fx">
      <Filter>objects</Filter>
    </None>
    <None Include="rock.fx">
      <Filter>objects</Filter>
    </None>
    <None Include="statue.fx">
      <Filter>objects</Filter>
    </None>
    <None Include="tree.fx">
      <Filter>objects</Filter>
    </None>
    <None Include="scape.fx">
      <Filter>objects</Filter>
    </None>
    <None Include="sea.fx">
      <Filter>objects</Filter>
    </None>
    <None Include="skybox.fx">
      <Filter>objects</Filter>
    </None>
  </ItemGroup>
  <ItemGroup>
    <Filter Include="imgui">
      <UniqueIdentifier>{6bd80a41-54cf-472a-8177-d78547c26166}</UniqueIdentifier>
    </Filter>
    <Filter Include="objects">
      <UniqueIdentifier>{81647b4f-2df6-4734-a38b-2fe2aeedae91}</UniqueIdentifier>
    </Filter>
    <Filter Include="fast_float">
      <UniqueIdentifier>{eaa2f3d5-234c-4b80-80e0-6da026446bb1}</UniqueIdentifier>
    </Filter>
    <Filter Include="minijson">
      <UniqueIdentifier>{b69d6fcc-27fd-47fa-b869-8afc3d16d6a9}</UniqueIdentifier>
    </Filter>
  </ItemGroup>
</Project>